
Microsoft Visual Studio Solution File, Format Version 12.00
# Visual Studio 15
VisualStudioVersion = 15.0.27428.2037
MinimumVisualStudioVersion = 10.0.40219.1
Project("{FAE04EC0-301F-11D3-BF4B-00C04F79EFBC}") = "EC.Web", "EC.Web\EC.Web.csproj", "{A47415DF-B1B3-42A0-A371-491288634779}"
EndProject
Project("{FAE04EC0-301F-11D3-BF4B-00C04F79EFBC}") = "EC.Common", "EC.Common\EC.Common.csproj", "{9FE5C84A-82CF-4A05-8C66-A73F8E4B37DB}"
EndProject
Project("{FAE04EC0-301F-11D3-BF4B-00C04F79EFBC}") = "EC.Business", "EC.Business\EC.Business.csproj", "{BFC9A006-BC92-4574-BD37-03955FF6CBAA}"
EndProject
Project("{FAE04EC0-301F-11D3-BF4B-00C04F79EFBC}") = "EC.Dependencies", "EC.Dependencies\EC.Dependencies.csproj", "{DBCB533F-9506-4538-B2B7-CE08215E6D2C}"
EndProject
Global
	GlobalSection(SolutionConfigurationPlatforms) = preSolution
		Debug|Any CPU = Debug|Any CPU
		Release|Any CPU = Release|Any CPU
	EndGlobalSection
	GlobalSection(ProjectConfigurationPlatforms) = postSolution
		{A47415DF-B1B3-42A0-A371-491288634779}.Debug|Any CPU.ActiveCfg = Debug|Any CPU
		{A47415DF-B1B3-42A0-A371-491288634779}.Debug|Any CPU.Build.0 = Debug|Any CPU
		{A47415DF-B1B3-42A0-A371-491288634779}.Release|Any CPU.ActiveCfg = Release|Any CPU
		{A47415DF-B1B3-42A0-A371-491288634779}.Release|Any CPU.Build.0 = Release|Any CPU
		{9FE5C84A-82CF-4A05-8C66-A73F8E4B37DB}.Debug|Any CPU.ActiveCfg = Debug|Any CPU
		{9FE5C84A-82CF-4A05-8C66-A73F8E4B37DB}.Debug|Any CPU.Build.0 = Debug|Any CPU
		{9FE5C84A-82CF-4A05-8C66-A73F8E4B37DB}.Release|Any CPU.ActiveCfg = Release|Any CPU
		{9FE5C84A-82CF-4A05-8C66-A73F8E4B37DB}.Release|Any CPU.Build.0 = Release|Any CPU
		{BFC9A006-BC92-4574-BD37-03955FF6CBAA}.Debug|Any CPU.ActiveCfg = Debug|Any CPU
		{BFC9A006-BC92-4574-BD37-03955FF6CBAA}.Debug|Any CPU.Build.0 = Debug|Any CPU
		{BFC9A006-BC92-4574-BD37-03955FF6CBAA}.Release|Any CPU.ActiveCfg = Release|Any CPU
		{BFC9A006-BC92-4574-BD37-03955FF6CBAA}.Release|Any CPU.Build.0 = Release|Any CPU
		{DBCB533F-9506-4538-B2B7-CE08215E6D2C}.Debug|Any CPU.ActiveCfg = Debug|Any CPU
		{DBCB533F-9506-4538-B2B7-CE08215E6D2C}.Debug|Any CPU.Build.0 = Debug|Any CPU
		{DBCB533F-9506-4538-B2B7-CE08215E6D2C}.Release|Any CPU.ActiveCfg = Release|Any CPU
		{DBCB533F-9506-4538-B2B7-CE08215E6D2C}.Release|Any CPU.Build.0 = Release|Any CPU
	EndGlobalSection
	GlobalSection(SolutionProperties) = preSolution
		HideSolutionNode = FALSE
	EndGlobalSection
	GlobalSection(ExtensibilityGlobals) = postSolution
		SolutionGuid = {ED7868FA-CED6-49E0-9BD5-4C31A6310A58}
	EndGlobalSection
EndGlobal
